// !$*UTF8*$!
{
	archiveVersion = 1;
	classes = {
	};
	objectVersion = 56;
	objects = {

/* Begin PBXBuildFile section */
		BD440FE92C1B7D780020ADAE /* Stars.swift in Sources */ = {isa = PBXBuildFile; fileRef = BD440FE82C1B7D780020ADAE /* Stars.swift */; };
		BD663F8B2C1A197E00F3ACF2 /* Map.swift in Sources */ = {isa = PBXBuildFile; fileRef = BD663F8A2C1A197E00F3ACF2 /* Map.swift */; };
		BDB19CF32C189B08007EF607 /* ThirdHomeApp.swift in Sources */ = {isa = PBXBuildFile; fileRef = BDB19CF22C189B08007EF607 /* ThirdHomeApp.swift */; };
		BDB19CF52C189B08007EF607 /* ContentView.swift in Sources */ = {isa = PBXBuildFile; fileRef = BDB19CF42C189B08007EF607 /* ContentView.swift */; };
		BDB19CF72C189B09007EF607 /* Assets.xcassets in Resources */ = {isa = PBXBuildFile; fileRef = BDB19CF62C189B09007EF607 /* Assets.xcassets */; };
		BDB19CFA2C189B09007EF607 /* Preview Assets.xcassets in Resources */ = {isa = PBXBuildFile; fileRef = BDB19CF92C189B09007EF607 /* Preview Assets.xcassets */; };
		BDE87D522C18D327003030B7 /* Relax.swift in Sources */ = {isa = PBXBuildFile; fileRef = BDE87D512C18D327003030B7 /* Relax.swift */; };
		BDE87D542C18D38B003030B7 /* Active.swift in Sources */ = {isa = PBXBuildFile; fileRef = BDE87D532C18D38B003030B7 /* Active.swift */; };
		BDE87D562C18D3BC003030B7 /* Fun.swift in Sources */ = {isa = PBXBuildFile; fileRef = BDE87D552C18D3BC003030B7 /* Fun.swift */; };
		BDE87D582C18DCFA003030B7 /* Favorites.swift in Sources */ = {isa = PBXBuildFile; fileRef = BDE87D572C18DCFA003030B7 /* Favorites.swift */; };
/* End PBXBuildFile section */

/* Begin PBXFileReference section */
		BD440FE82C1B7D780020ADAE /* Stars.swift */ = {isa = PBXFileReference; lastKnownFileType = sourcecode.swift; path = Stars.swift; sourceTree = "<group>"; };
		BD663F8A2C1A197E00F3ACF2 /* Map.swift */ = {isa = PBXFileReference; lastKnownFileType = sourcecode.swift; path = Map.swift; sourceTree = "<group>"; };
		BDB19CEF2C189B08007EF607 /* ThirdHome.app */ = {isa = PBXFileReference; explicitFileType = wrapper.application; includeInIndex = 0; path = ThirdHome.app; sourceTree = BUILT_PRODUCTS_DIR; };
		BDB19CF22C189B08007EF607 /* ThirdHomeApp.swift */ = {isa = PBXFileReference; lastKnownFileType = sourcecode.swift; path = ThirdHomeApp.swift; sourceTree = "<group>"; };
		BDB19CF42C189B08007EF607 /* ContentView.swift */ = {isa = PBXFileReference; lastKnownFileType = sourcecode.swift; path = ContentView.swift; sourceTree = "<group>"; };
		BDB19CF62C189B09007EF607 /* Assets.xcassets */ = {isa = PBXFileReference; lastKnownFileType = folder.assetcatalog; path = Assets.xcassets; sourceTree = "<group>"; };
		BDB19CF92C189B09007EF607 /* Preview Assets.xcassets */ = {isa = PBXFileReference; lastKnownFileType = folder.assetcatalog; path = "Preview Assets.xcassets"; sourceTree = "<group>"; };
		BDE87D512C18D327003030B7 /* Relax.swift */ = {isa = PBXFileReference; lastKnownFileType = sourcecode.swift; path = Relax.swift; sourceTree = "<group>"; };
		BDE87D532C18D38B003030B7 /* Active.swift */ = {isa = PBXFileReference; lastKnownFileType = sourcecode.swift; path = Active.swift; sourceTree = "<group>"; };
		BDE87D552C18D3BC003030B7 /* Fun.swift */ = {isa = PBXFileReference; lastKnownFileType = sourcecode.swift; path = Fun.swift; sourceTree = "<group>"; };
		BDE87D572C18DCFA003030B7 /* Favorites.swift */ = {isa = PBXFileReference; lastKnownFileType = sourcecode.swift; path = Favorites.swift; sourceTree = "<group>"; };
/* End PBXFileReference section */

/* Begin PBXFrameworksBuildPhase section */
		BDB19CEC2C189B08007EF607 /* Frameworks */ = {
			isa = PBXFrameworksBuildPhase;
			buildActionMask = 2147483647;
			files = (
			);
			runOnlyForDeploymentPostprocessing = 0;
		};
/* End PBXFrameworksBuildPhase section */

/* Begin PBXGroup section */
		BDB19CE62C189B08007EF607 = {
			isa = PBXGroup;
			children = (
				BDB19CF12C189B08007EF607 /* ThirdHome */,
				BDB19CF02C189B08007EF607 /* Products */,
			);
			sourceTree = "<group>";
		};
		BDB19CF02C189B08007EF607 /* Products */ = {
			isa = PBXGroup;
			children = (
				BDB19CEF2C189B08007EF607 /* ThirdHome.app */,
			);
			name = Products;
			sourceTree = "<group>";
		};
		BDB19CF12C189B08007EF607 /* ThirdHome */ = {
			isa = PBXGroup;
			children = (
				BDB19CF22C189B08007EF607 /* ThirdHomeApp.swift */,
				BDB19CF42C189B08007EF607 /* ContentView.swift */,
				BDE87D512C18D327003030B7 /* Relax.swift */,
				BDE87D532C18D38B003030B7 /* Active.swift */,
				BDE87D552C18D3BC003030B7 /* Fun.swift */,
				BD663F8A2C1A197E00F3ACF2 /* Map.swift */,
				BDE87D572C18DCFA003030B7 /* Favorites.swift */,
				BD440FE82C1B7D780020ADAE /* Stars.swift */,
				BDB19CF62C189B09007EF607 /* Assets.xcassets */,
				BDB19CF82C189B09007EF607 /* Preview Content */,
			);
			path = ThirdHome;
			sourceTree = "<group>";
		};
		BDB19CF82C189B09007EF607 /* Preview Content */ = {
			isa = PBXGroup;
			children = (
				BDB19CF92C189B09007EF607 /* Preview Assets.xcassets */,
			);
			path = "Preview Content";
			sourceTree = "<group>";
		};
/* End PBXGroup section */

/* Begin PBXNativeTarget section */
		BDB19CEE2C189B08007EF607 /* ThirdHome */ = {
			isa = PBXNativeTarget;
			buildConfigurationList = BDB19CFD2C189B09007EF607 /* Build configuration list for PBXNativeTarget "ThirdHome" */;
			buildPhases = (
				BDB19CEB2C189B08007EF607 /* Sources */,
				BDB19CEC2C189B08007EF607 /* Frameworks */,
				BDB19CED2C189B08007EF607 /* Resources */,
			);
			buildRules = (
			);
			dependencies = (
			);
			name = ThirdHome;
			productName = ThirdHome;
			productReference = BDB19CEF2C189B08007EF607 /* ThirdHome.app */;
			productType = "com.apple.product-type.application";
		};
/* End PBXNativeTarget section */

/* Begin PBXProject section */
		BDB19CE72C189B08007EF607 /* Project object */ = {
			isa = PBXProject;
			attributes = {
				BuildIndependentTargetsInParallel = 1;
				LastSwiftUpdateCheck = 1540;
				LastUpgradeCheck = 1540;
				TargetAttributes = {
					BDB19CEE2C189B08007EF607 = {
						CreatedOnToolsVersion = 15.4;
					};
				};
			};
			buildConfigurationList = BDB19CEA2C189B08007EF607 /* Build configuration list for PBXProject "ThirdHome" */;
			compatibilityVersion = "Xcode 14.0";
			developmentRegion = en;
			hasScannedForEncodings = 0;
			knownRegions = (
				en,
				Base,
			);
			mainGroup = BDB19CE62C189B08007EF607;
			productRefGroup = BDB19CF02C189B08007EF607 /* Products */;
			projectDirPath = "";
			projectRoot = "";
			targets = (
				BDB19CEE2C189B08007EF607 /* ThirdHome */,
			);
		};
/* End PBXProject section */

/* Begin PBXResourcesBuildPhase section */
		BDB19CED2C189B08007EF607 /* Resources */ = {
			isa = PBXResourcesBuildPhase;
			buildActionMask = 2147483647;
			files = (
				BDB19CFA2C189B09007EF607 /* Preview Assets.xcassets in Resources */,
				BDB19CF72C189B09007EF607 /* Assets.xcassets in Resources */,
			);
			runOnlyForDeploymentPostprocessing = 0;
		};
/* End PBXResourcesBuildPhase section */

/* Begin PBXSourcesBuildPhase section */
		BDB19CEB2C189B08007EF607 /* Sources */ = {
			isa = PBXSourcesBuildPhase;
			buildActionMask = 2147483647;
			files = (
				BDB19CF52C189B08007EF607 /* ContentView.swift in Sources */,
				BDE87D562C18D3BC003030B7 /* Fun.swift in Sources */,
				BDE87D522C18D327003030B7 /* Relax.swift in Sources */,
				BD440FE92C1B7D780020ADAE /* Stars.swift in Sources */,
				BD663F8B2C1A197E00F3ACF2 /* Map.swift in Sources */,
				BDE87D582C18DCFA003030B7 /* Favorites.swift in Sources */,
				BDB19CF32C189B08007EF607 /* ThirdHomeApp.swift in Sources */,
				BDE87D542C18D38B003030B7 /* Active.swift in Sources */,
			);
			runOnlyForDeploymentPostprocessing = 0;
		};
/* End PBXSourcesBuildPhase section */

/* Begin XCBuildConfiguration section */
		BDB19CFB2C189B09007EF607 /* Debug */ = {
			isa = XCBuildConfiguration;
			buildSettings = {
				ALWAYS_SEARCH_USER_PATHS = NO;
				ASSETCATALOG_COMPILER_GENERATE_SWIFT_ASSET_SYMBOL_EXTENSIONS = YES;
				CLANG_ANALYZER_NONNULL = YES;
				CLANG_ANALYZER_NUMBER_OBJECT_CONVERSION = YES_AGGRESSIVE;
				CLANG_CXX_LANGUAGE_STANDARD = "gnu++20";
				CLANG_ENABLE_MODULES = YES;
				CLANG_ENABLE_OBJC_ARC = YES;
				CLANG_ENABLE_OBJC_WEAK = YES;
				CLANG_WARN_BLOCK_CAPTURE_AUTORELEASING = YES;
				CLANG_WARN_BOOL_CONVERSION = YES;
				CLANG_WARN_COMMA = YES;
				CLANG_WARN_CONSTANT_CONVERSION = YES;
				CLANG_WARN_DEPRECATED_OBJC_IMPLEMENTATIONS = YES;
				CLANG_WARN_DIRECT_OBJC_ISA_USAGE = YES_ERROR;
				CLANG_WARN_DOCUMENTATION_COMMENTS = YES;
				CLANG_WARN_EMPTY_BODY = YES;
				CLANG_WARN_ENUM_CONVERSION = YES;
				CLANG_WARN_INFINITE_RECURSION = YES;
				CLANG_WARN_INT_CONVERSION = YES;
				CLANG_WARN_NON_LITERAL_NULL_CONVERSION = YES;
				CLANG_WARN_OBJC_IMPLICIT_RETAIN_SELF = YES;
				CLANG_WARN_OBJC_LITERAL_CONVERSION = YES;
				CLANG_WARN_OBJC_ROOT_CLASS = YES_ERROR;
				CLANG_WARN_QUOTED_INCLUDE_IN_FRAMEWORK_HEADER = YES;
				CLANG_WARN_RANGE_LOOP_ANALYSIS = YES;
				CLANG_WARN_STRICT_PROTOTYPES = YES;
				CLANG_WARN_SUSPICIOUS_MOVE = YES;
				CLANG_WARN_UNGUARDED_AVAILABILITY = YES_AGGRESSIVE;
				CLANG_WARN_UNREACHABLE_CODE = YES;
				CLANG_WARN__DUPLICATE_METHOD_MATCH = YES;
				COPY_PHASE_STRIP = NO;
				DEBUG_INFORMATION_FORMAT = dwarf;
				ENABLE_STRICT_OBJC_MSGSEND = YES;
				ENABLE_TESTABILITY = YES;
				ENABLE_USER_SCRIPT_SANDBOXING = YES;
				GCC_C_LANGUAGE_STANDARD = gnu17;
				GCC_DYNAMIC_NO_PIC = NO;
				GCC_NO_COMMON_BLOCKS = YES;
				GCC_OPTIMIZATION_LEVEL = 0;
				GCC_PREPROCESSOR_DEFINITIONS = (
					"DEBUG=1",
					"$(inherited)",
				);
				GCC_WARN_64_TO_32_BIT_CONVERSION = YES;
				GCC_WARN_ABOUT_RETURN_TYPE = YES_ERROR;
				GCC_WARN_UNDECLARED_SELECTOR = YES;
				GCC_WARN_UNINITIALIZED_AUTOS = YES_AGGRESSIVE;
				GCC_WARN_UNUSED_FUNCTION = YES;
				GCC_WARN_UNUSED_VARIABLE = YES;
				IPHONEOS_DEPLOYMENT_TARGET = 17.5;
				LOCALIZATION_PREFERS_STRING_CATALOGS = YES;
				MTL_ENABLE_DEBUG_INFO = INCLUDE_SOURCE;
				MTL_FAST_MATH = YES;
				ONLY_ACTIVE_ARCH = YES;
				SDKROOT = iphoneos;
				SWIFT_ACTIVE_COMPILATION_CONDITIONS = "DEBUG $(inherited)";
				SWIFT_OPTIMIZATION_LEVEL = "-Onone";
			};
			name = Debug;
		};
		BDB19CFC2C189B09007EF607 /* Release */ = {
			isa = XCBuildConfiguration;
			buildSettings = {
				ALWAYS_SEARCH_USER_PATHS = NO;
				ASSETCATALOG_COMPILER_GENERATE_SWIFT_ASSET_SYMBOL_EXTENSIONS = YES;
				CLANG_ANALYZER_NONNULL = YES;
				CLANG_ANALYZER_NUMBER_OBJECT_CONVERSION = YES_AGGRESSIVE;
				CLANG_CXX_LANGUAGE_STANDARD = "gnu++20";
				CLANG_ENABLE_MODULES = YES;
				CLANG_ENABLE_OBJC_ARC = YES;
				CLANG_ENABLE_OBJC_WEAK = YES;
				CLANG_WARN_BLOCK_CAPTURE_AUTORELEASING = YES;
				CLANG_WARN_BOOL_CONVERSION = YES;
				CLANG_WARN_COMMA = YES;
				CLANG_WARN_CONSTANT_CONVERSION = YES;
				CLANG_WARN_DEPRECATED_OBJC_IMPLEMENTATIONS = YES;
				CLANG_WARN_DIRECT_OBJC_ISA_USAGE = YES_ERROR;
				CLANG_WARN_DOCUMENTATION_COMMENTS = YES;
				CLANG_WARN_EMPTY_BODY = YES;
				CLANG_WARN_ENUM_CONVERSION = YES;
				CLANG_WARN_INFINITE_RECURSION = YES;
				CLANG_WARN_INT_CONVERSION = YES;
				CLANG_WARN_NON_LITERAL_NULL_CONVERSION = YES;
				CLANG_WARN_OBJC_IMPLICIT_RETAIN_SELF = YES;
				CLANG_WARN_OBJC_LITERAL_CONVERSION = YES;
				CLANG_WARN_OBJC_ROOT_CLASS = YES_ERROR;
				CLANG_WARN_QUOTED_INCLUDE_IN_FRAMEWORK_HEADER = YES;
				CLANG_WARN_RANGE_LOOP_ANALYSIS = YES;
				CLANG_WARN_STRICT_PROTOTYPES = YES;
				CLANG_WARN_SUSPICIOUS_MOVE = YES;
				CLANG_WARN_UNGUARDED_AVAILABILITY = YES_AGGRESSIVE;
				CLANG_WARN_UNREACHABLE_CODE = YES;
				CLANG_WARN__DUPLICATE_METHOD_MATCH = YES;
				COPY_PHASE_STRIP = NO;
				DEBUG_INFORMATION_FORMAT = "dwarf-with-dsym";
				ENABLE_NS_ASSERTIONS = NO;
				ENABLE_STRICT_OBJC_MSGSEND = YES;
				ENABLE_USER_SCRIPT_SANDBOXING = YES;
				GCC_C_LANGUAGE_STANDARD = gnu17;
				GCC_NO_COMMON_BLOCKS = YES;
				GCC_WARN_64_TO_32_BIT_CONVERSION = YES;
				GCC_WARN_ABOUT_RETURN_TYPE = YES_ERROR;
				GCC_WARN_UNDECLARED_SELECTOR = YES;
				GCC_WARN_UNINITIALIZED_AUTOS = YES_AGGRESSIVE;
				GCC_WARN_UNUSED_FUNCTION = YES;
				GCC_WARN_UNUSED_VARIABLE = YES;
				IPHONEOS_DEPLOYMENT_TARGET = 17.5;
				LOCALIZATION_PREFERS_STRING_CATALOGS = YES;
				MTL_ENABLE_DEBUG_INFO = NO;
				MTL_FAST_MATH = YES;
				SDKROOT = iphoneos;
				SWIFT_COMPILATION_MODE = wholemodule;
				VALIDATE_PRODUCT = YES;
			};
			name = Release;
		};
		BDB19CFE2C189B09007EF607 /* Debug */ = {
			isa = XCBuildConfiguration;
			buildSettings = {
				ASSETCATALOG_COMPILER_APPICON_NAME = AppIcon;
				ASSETCATALOG_COMPILER_GLOBAL_ACCENT_COLOR_NAME = AccentColor;
				CODE_SIGN_STYLE = Automatic;
				CURRENT_PROJECT_VERSION = 1;
				DEVELOPMENT_ASSET_PATHS = "\"ThirdHome/Preview Content\"";
				DEVELOPMENT_TEAM = JD7NMSRW8J;
				ENABLE_PREVIEWS = YES;
				GENERATE_INFOPLIST_FILE = YES;
				INFOPLIST_KEY_UIApplicationSceneManifest_Generation = YES;
				INFOPLIST_KEY_UIApplicationSupportsIndirectInputEvents = YES;
				INFOPLIST_KEY_UILaunchScreen_Generation = YES;
				INFOPLIST_KEY_UISupportedInterfaceOrientations_iPad = "UIInterfaceOrientationPortrait UIInterfaceOrientationPortraitUpsideDown UIInterfaceOrientationLandscapeLeft UIInterfaceOrientationLandscapeRight";
				INFOPLIST_KEY_UISupportedInterfaceOrientations_iPhone = "UIInterfaceOrientationPortrait UIInterfaceOrientationLandscapeLeft UIInterfaceOrientationLandscapeRight";
				LD_RUNPATH_SEARCH_PATHS = (
					"$(inherited)",
					"@executable_path/Frameworks",
				);
				MARKETING_VERSION = 1.0;
				PRODUCT_BUNDLE_IDENTIFIER = KWK.ThirdHome;
				PRODUCT_NAME = "$(TARGET_NAME)";
				SWIFT_EMIT_LOC_STRINGS = YES;
				SWIFT_VERSION = 5.0;
				TARGETED_DEVICE_FAMILY = "1,2";
			};
			name = Debug;
		};
		BDB19CFF2C189B09007EF607 /* Release */ = {
			isa = XCBuildConfiguration;
			buildSettings = {
				ASSETCATALOG_COMPILER_APPICON_NAME = AppIcon;
				ASSETCATALOG_COMPILER_GLOBAL_ACCENT_COLOR_NAME = AccentColor;
				CODE_SIGN_STYLE = Automatic;
				CURRENT_PROJECT_VERSION = 1;
				DEVELOPMENT_ASSET_PATHS = "\"ThirdHome/Preview Content\"";
				DEVELOPMENT_TEAM = JD7NMSRW8J;
				ENABLE_PREVIEWS = YES;
				GENERATE_INFOPLIST_FILE = YES;
				INFOPLIST_KEY_UIApplicationSceneManifest_Generation = YES;
				INFOPLIST_KEY_UIApplicationSupportsIndirectInputEvents = YES;
				INFOPLIST_KEY_UILaunchScreen_Generation = YES;
				INFOPLIST_KEY_UISupportedInterfaceOrientations_iPad = "UIInterfaceOrientationPortrait UIInterfaceOrientationPortraitUpsideDown UIInterfaceOrientationLandscapeLeft UIInterfaceOrientationLandscapeRight";
				INFOPLIST_KEY_UISupportedInterfaceOrientations_iPhone = "UIInterfaceOrientationPortrait UIInterfaceOrientationLandscapeLeft UIInterfaceOrientationLandscapeRight";
				LD_RUNPATH_SEARCH_PATHS = (
					"$(inherited)",
					"@executable_path/Frameworks",
				);
				MARKETING_VERSION = 1.0;
				PRODUCT_BUNDLE_IDENTIFIER = KWK.ThirdHome;
				PRODUCT_NAME = "$(TARGET_NAME)";
				SWIFT_EMIT_LOC_STRINGS = YES;
				SWIFT_VERSION = 5.0;
				TARGETED_DEVICE_FAMILY = "1,2";
			};
			name = Release;
		};
/* End XCBuildConfiguration section */

/* Begin XCConfigurationList section */
		BDB19CEA2C189B08007EF607 /* Build configuration list for PBXProject "ThirdHome" */ = {
			isa = XCConfigurationList;
			buildConfigurations = (
				BDB19CFB2C189B09007EF607 /* Debug */,
				BDB19CFC2C189B09007EF607 /* Release */,
			);
			defaultConfigurationIsVisible = 0;
			defaultConfigurationName = Release;
		};
		BDB19CFD2C189B09007EF607 /* Build configuration list for PBXNativeTarget "ThirdHome" */ = {
			isa = XCConfigurationList;
			buildConfigurations = (
				BDB19CFE2C189B09007EF607 /* Debug */,
				BDB19CFF2C189B09007EF607 /* Release */,
			);
			defaultConfigurationIsVisible = 0;
			defaultConfigurationName = Release;
		};
/* End XCConfigurationList section */
	};
	rootObject = BDB19CE72C189B08007EF607 /* Project object */;
}
